
Microsoft Visual Studio Solution File, Format Version 12.00
# Visual Studio 15
VisualStudioVersion = 15.0.27428.2005
MinimumVisualStudioVersion = 10.0.40219.1
Project("{FAE04EC0-301F-11D3-BF4B-00C04F79EFBC}") = "ETag", "ETag\ETag.csproj", "{746AB99D-2C2D-40DD-B14C-BC176CA6D4DB}"
EndProject
Global
	GlobalSection(SolutionConfigurationPlatforms) = preSolution
		Debug|Any CPU = Debug|Any CPU
		Release|Any CPU = Release|Any CPU
	EndGlobalSection
	GlobalSection(ProjectConfigurationPlatforms) = postSolution
		{746AB99D-2C2D-40DD-B14C-BC176CA6D4DB}.Debug|Any CPU.ActiveCfg = Debug|Any CPU
		{746AB99D-2C2D-40DD-B14C-BC176CA6D4DB}.Debug|Any CPU.Build.0 = Debug|Any CPU
		{746AB99D-2C2D-40DD-B14C-BC176CA6D4DB}.Release|Any CPU.ActiveCfg = Release|Any CPU
		{746AB99D-2C2D-40DD-B14C-BC176CA6D4DB}.Release|Any CPU.Build.0 = Release|Any CPU
	EndGlobalSection
	GlobalSection(SolutionProperties) = preSolution
		HideSolutionNode = FALSE
	EndGlobalSection
	GlobalSection(ExtensibilityGlobals) = postSolution
		SolutionGuid = {B6DC3CAD-9E86-4424-9E3B-D39659B2A90D}
	EndGlobalSection
EndGlobal
